
Microsoft Visual Studio Solution File, Format Version 12.00
# Visual Studio 15
VisualStudioVersion = 15.0.28307.539
MinimumVisualStudioVersion = 10.0.40219.1
Project("{FAE04EC0-301F-11D3-BF4B-00C04F79EFBC}") = "Factory-Design-Pattern", "Factory-Design-Pattern\Factory-Design-Pattern.csproj", "{CA0725BC-62B4-48FC-948B-EEA4D34ED361}"
EndProject
Global
	GlobalSection(SolutionConfigurationPlatforms) = preSolution
		Debug|Any CPU = Debug|Any CPU
		Release|Any CPU = Release|Any CPU
	EndGlobalSection
	GlobalSection(ProjectConfigurationPlatforms) = postSolution
		{CA0725BC-62B4-48FC-948B-EEA4D34ED361}.Debug|Any CPU.ActiveCfg = Debug|Any CPU
		{CA0725BC-62B4-48FC-948B-EEA4D34ED361}.Debug|Any CPU.Build.0 = Debug|Any CPU
		{CA0725BC-62B4-48FC-948B-EEA4D34ED361}.Release|Any CPU.ActiveCfg = Release|Any CPU
		{CA0725BC-62B4-48FC-948B-EEA4D34ED361}.Release|Any CPU.Build.0 = Release|Any CPU
	EndGlobalSection
	GlobalSection(SolutionProperties) = preSolution
		HideSolutionNode = FALSE
	EndGlobalSection
	GlobalSection(ExtensibilityGlobals) = postSolution
		SolutionGuid = {666E1B29-2EA6-4A5A-B016-1283A9280A54}
	EndGlobalSection
EndGlobal
